
Microsoft Visual Studio Solution File, Format Version 12.00
# Visual Studio Version 17
VisualStudioVersion = 17.5.33516.290
MinimumVisualStudioVersion = 10.0.40219.1
Project("{FAE04EC0-301F-11D3-BF4B-00C04F79EFBC}") = "GeneticAlgorithm.MainApp", "GeneticAlgorithm.MainApp\GeneticAlgorithm.MainApp.csproj", "{3B242C09-3B00-4118-96BC-87AF7E5EB977}"
EndProject
Global
	GlobalSection(SolutionConfigurationPlatforms) = preSolution
		Debug|Any CPU = Debug|Any CPU
		Release|Any CPU = Release|Any CPU
	EndGlobalSection
	GlobalSection(ProjectConfigurationPlatforms) = postSolution
		{3B242C09-3B00-4118-96BC-87AF7E5EB977}.Debug|Any CPU.ActiveCfg = Debug|Any CPU
		{3B242C09-3B00-4118-96BC-87AF7E5EB977}.Debug|Any CPU.Build.0 = Debug|Any CPU
		{3B242C09-3B00-4118-96BC-87AF7E5EB977}.Release|Any CPU.ActiveCfg = Release|Any CPU
		{3B242C09-3B00-4118-96BC-87AF7E5EB977}.Release|Any CPU.Build.0 = Release|Any CPU
	EndGlobalSection
	GlobalSection(SolutionProperties) = preSolution
		HideSolutionNode = FALSE
	EndGlobalSection
	GlobalSection(ExtensibilityGlobals) = postSolution
		SolutionGuid = {EB34CB06-A115-4867-899D-8D936ACF6FD1}
	EndGlobalSection
EndGlobal
